
Microsoft Visual Studio Solution File, Format Version 12.00
# Visual Studio 14
VisualStudioVersion = 14.0.25420.1
MinimumVisualStudioVersion = 10.0.40219.1
Project("{FAE04EC0-301F-11D3-BF4B-00C04F79EFBC}") = "BuildMonitor.Android", "BuildMonitor\BuildMonitor.Android\BuildMonitor.Android.csproj", "{1566FDAD-F2CE-4712-BFB5-6C6D619F0AB3}"
EndProject
Project("{FAE04EC0-301F-11D3-BF4B-00C04F79EFBC}") = "BuildMonitor", "BuildMonitor\BuildMonitor\BuildMonitor.csproj", "{69D30175-69D5-498F-A455-ABB82A5F0F61}"
EndProject
Project("{FAE04EC0-301F-11D3-BF4B-00C04F79EFBC}") = "BuildMonitor.UWP", "BuildMonitor\BuildMonitor.UWP\BuildMonitor.UWP.csproj", "{CF7641E7-8B6A-4547-A448-CD0091943027}"
EndProject
Project("{FAE04EC0-301F-11D3-BF4B-00C04F79EFBC}") = "BuildMonitor.iOS", "BuildMonitor\BuildMonitor.iOS\BuildMonitor.iOS.csproj", "{325AED48-4A4E-4533-BCDB-912B81647905}"
EndProject
Global
	GlobalSection(SolutionConfigurationPlatforms) = preSolution
		Ad-Hoc|Any CPU = Ad-Hoc|Any CPU
		Ad-Hoc|ARM = Ad-Hoc|ARM
		Ad-Hoc|iPhone = Ad-Hoc|iPhone
		Ad-Hoc|iPhoneSimulator = Ad-Hoc|iPhoneSimulator
		Ad-Hoc|x64 = Ad-Hoc|x64
		Ad-Hoc|x86 = Ad-Hoc|x86
		AppStore|Any CPU = AppStore|Any CPU
		AppStore|ARM = AppStore|ARM
		AppStore|iPhone = AppStore|iPhone
		AppStore|iPhoneSimulator = AppStore|iPhoneSimulator
		AppStore|x64 = AppStore|x64
		AppStore|x86 = AppStore|x86
		Debug|Any CPU = Debug|Any CPU
		Debug|ARM = Debug|ARM
		Debug|iPhone = Debug|iPhone
		Debug|iPhoneSimulator = Debug|iPhoneSimulator
		Debug|x64 = Debug|x64
		Debug|x86 = Debug|x86
		Release|Any CPU = Release|Any CPU
		Release|ARM = Release|ARM
		Release|iPhone = Release|iPhone
		Release|iPhoneSimulator = Release|iPhoneSimulator
		Release|x64 = Release|x64
		Release|x86 = Release|x86
	EndGlobalSection
	GlobalSection(ProjectConfigurationPlatforms) = postSolution
		{1566FDAD-F2CE-4712-BFB5-6C6D619F0AB3}.Ad-Hoc|Any CPU.ActiveCfg = Release|Any CPU
		{1566FDAD-F2CE-4712-BFB5-6C6D619F0AB3}.Ad-Hoc|Any CPU.Build.0 = Release|Any CPU
		{1566FDAD-F2CE-4712-BFB5-6C6D619F0AB3}.Ad-Hoc|Any CPU.Deploy.0 = Release|Any CPU
		{1566FDAD-F2CE-4712-BFB5-6C6D619F0AB3}.Ad-Hoc|ARM.ActiveCfg = Release|Any CPU
		{1566FDAD-F2CE-4712-BFB5-6C6D619F0AB3}.Ad-Hoc|ARM.Build.0 = Release|Any CPU
		{1566FDAD-F2CE-4712-BFB5-6C6D619F0AB3}.Ad-Hoc|ARM.Deploy.0 = Release|Any CPU
		{1566FDAD-F2CE-4712-BFB5-6C6D619F0AB3}.Ad-Hoc|iPhone.ActiveCfg = Release|Any CPU
		{1566FDAD-F2CE-4712-BFB5-6C6D619F0AB3}.Ad-Hoc|iPhone.Build.0 = Release|Any CPU
		{1566FDAD-F2CE-4712-BFB5-6C6D619F0AB3}.Ad-Hoc|iPhone.Deploy.0 = Release|Any CPU
		{1566FDAD-F2CE-4712-BFB5-6C6D619F0AB3}.Ad-Hoc|iPhoneSimulator.ActiveCfg = Release|Any CPU
		{1566FDAD-F2CE-4712-BFB5-6C6D619F0AB3}.Ad-Hoc|iPhoneSimulator.Build.0 = Release|Any CPU
		{1566FDAD-F2CE-4712-BFB5-6C6D619F0AB3}.Ad-Hoc|iPhoneSimulator.Deploy.0 = Release|Any CPU
		{1566FDAD-F2CE-4712-BFB5-6C6D619F0AB3}.Ad-Hoc|x64.ActiveCfg = Release|Any CPU
		{1566FDAD-F2CE-4712-BFB5-6C6D619F0AB3}.Ad-Hoc|x64.Build.0 = Release|Any CPU
		{1566FDAD-F2CE-4712-BFB5-6C6D619F0AB3}.Ad-Hoc|x64.Deploy.0 = Release|Any CPU
		{1566FDAD-F2CE-4712-BFB5-6C6D619F0AB3}.Ad-Hoc|x86.ActiveCfg = Release|Any CPU
		{1566FDAD-F2CE-4712-BFB5-6C6D619F0AB3}.Ad-Hoc|x86.Build.0 = Release|Any CPU
		{1566FDAD-F2CE-4712-BFB5-6C6D619F0AB3}.Ad-Hoc|x86.Deploy.0 = Release|Any CPU
		{1566FDAD-F2CE-4712-BFB5-6C6D619F0AB3}.AppStore|Any CPU.ActiveCfg = Release|Any CPU
		{1566FDAD-F2CE-4712-BFB5-6C6D619F0AB3}.AppStore|Any CPU.Build.0 = Release|Any CPU
		{1566FDAD-F2CE-4712-BFB5-6C6D619F0AB3}.AppStore|Any CPU.Deploy.0 = Release|Any CPU
		{1566FDAD-F2CE-4712-BFB5-6C6D619F0AB3}.AppStore|ARM.ActiveCfg = Release|Any CPU
		{1566FDAD-F2CE-4712-BFB5-6C6D619F0AB3}.AppStore|ARM.Build.0 = Release|Any CPU
		{1566FDAD-F2CE-4712-BFB5-6C6D619F0AB3}.AppStore|ARM.Deploy.0 = Release|Any CPU
		{1566FDAD-F2CE-4712-BFB5-6C6D619F0AB3}.AppStore|iPhone.ActiveCfg = Release|Any CPU
		{1566FDAD-F2CE-4712-BFB5-6C6D619F0AB3}.AppStore|iPhone.Build.0 = Release|Any CPU
		{1566FDAD-F2CE-4712-BFB5-6C6D619F0AB3}.AppStore|iPhone.Deploy.0 = Release|Any CPU
		{1566FDAD-F2CE-4712-BFB5-6C6D619F0AB3}.AppStore|iPhoneSimulator.ActiveCfg = Release|Any CPU
		{1566FDAD-F2CE-4712-BFB5-6C6D619F0AB3}.AppStore|iPhoneSimulator.Build.0 = Release|Any CPU
		{1566FDAD-F2CE-4712-BFB5-6C6D619F0AB3}.AppStore|iPhoneSimulator.Deploy.0 = Release|Any CPU
		{1566FDAD-F2CE-4712-BFB5-6C6D619F0AB3}.AppStore|x64.ActiveCfg = Release|Any CPU
		{1566FDAD-F2CE-4712-BFB5-6C6D619F0AB3}.AppStore|x64.Build.0 = Release|Any CPU
		{1566FDAD-F2CE-4712-BFB5-6C6D619F0AB3}.AppStore|x64.Deploy.0 = Release|Any CPU
		{1566FDAD-F2CE-4712-BFB5-6C6D619F0AB3}.AppStore|x86.ActiveCfg = Release|Any CPU
		{1566FDAD-F2CE-4712-BFB5-6C6D619F0AB3}.AppStore|x86.Build.0 = Release|Any CPU
		{1566FDAD-F2CE-4712-BFB5-6C6D619F0AB3}.AppStore|x86.Deploy.0 = Release|Any CPU
		{1566FDAD-F2CE-4712-BFB5-6C6D619F0AB3}.Debug|Any CPU.ActiveCfg = Debug|Any CPU
		{1566FDAD-F2CE-4712-BFB5-6C6D619F0AB3}.Debug|Any CPU.Build.0 = Debug|Any CPU
		{1566FDAD-F2CE-4712-BFB5-6C6D619F0AB3}.Debug|Any CPU.Deploy.0 = Debug|Any CPU
		{1566FDAD-F2CE-4712-BFB5-6C6D619F0AB3}.Debug|ARM.ActiveCfg = Debug|Any CPU
		{1566FDAD-F2CE-4712-BFB5-6C6D619F0AB3}.Debug|ARM.Build.0 = Debug|Any CPU
		{1566FDAD-F2CE-4712-BFB5-6C6D619F0AB3}.Debug|ARM.Deploy.0 = Debug|Any CPU
		{1566FDAD-F2CE-4712-BFB5-6C6D619F0AB3}.Debug|iPhone.ActiveCfg = Debug|Any CPU
		{1566FDAD-F2CE-4712-BFB5-6C6D619F0AB3}.Debug|iPhone.Build.0 = Debug|Any CPU
		{1566FDAD-F2CE-4712-BFB5-6C6D619F0AB3}.Debug|iPhone.Deploy.0 = Debug|Any CPU
		{1566FDAD-F2CE-4712-BFB5-6C6D619F0AB3}.Debug|iPhoneSimulator.ActiveCfg = Debug|Any CPU
		{1566FDAD-F2CE-4712-BFB5-6C6D619F0AB3}.Debug|iPhoneSimulator.Build.0 = Debug|Any CPU
		{1566FDAD-F2CE-4712-BFB5-6C6D619F0AB3}.Debug|iPhoneSimulator.Deploy.0 = Debug|Any CPU
		{1566FDAD-F2CE-4712-BFB5-6C6D619F0AB3}.Debug|x64.ActiveCfg = Debug|Any CPU
		{1566FDAD-F2CE-4712-BFB5-6C6D619F0AB3}.Debug|x64.Build.0 = Debug|Any CPU
		{1566FDAD-F2CE-4712-BFB5-6C6D619F0AB3}.Debug|x64.Deploy.0 = Debug|Any CPU
		{1566FDAD-F2CE-4712-BFB5-6C6D619F0AB3}.Debug|x86.ActiveCfg = Debug|Any CPU
		{1566FDAD-F2CE-4712-BFB5-6C6D619F0AB3}.Debug|x86.Build.0 = Debug|Any CPU
		{1566FDAD-F2CE-4712-BFB5-6C6D619F0AB3}.Debug|x86.Deploy.0 = Debug|Any CPU
		{1566FDAD-F2CE-4712-BFB5-6C6D619F0AB3}.Release|Any CPU.ActiveCfg = Release|Any CPU
		{1566FDAD-F2CE-4712-BFB5-6C6D619F0AB3}.Release|Any CPU.Build.0 = Release|Any CPU
		{1566FDAD-F2CE-4712-BFB5-6C6D619F0AB3}.Release|Any CPU.Deploy.0 = Release|Any CPU
		{1566FDAD-F2CE-4712-BFB5-6C6D619F0AB3}.Release|ARM.ActiveCfg = Release|Any CPU
		{1566FDAD-F2CE-4712-BFB5-6C6D619F0AB3}.Release|ARM.Build.0 = Release|Any CPU
		{1566FDAD-F2CE-4712-BFB5-6C6D619F0AB3}.Release|ARM.Deploy.0 = Release|Any CPU
		{1566FDAD-F2CE-4712-BFB5-6C6D619F0AB3}.Release|iPhone.ActiveCfg = Release|Any CPU
		{1566FDAD-F2CE-4712-BFB5-6C6D619F0AB3}.Release|iPhone.Build.0 = Release|Any CPU
		{1566FDAD-F2CE-4712-BFB5-6C6D619F0AB3}.Release|iPhone.Deploy.0 = Release|Any CPU
		{1566FDAD-F2CE-4712-BFB5-6C6D619F0AB3}.Release|iPhoneSimulator.ActiveCfg = Release|Any CPU
		{1566FDAD-F2CE-4712-BFB5-6C6D619F0AB3}.Release|iPhoneSimulator.Build.0 = Release|Any CPU
		{1566FDAD-F2CE-4712-BFB5-6C6D619F0AB3}.Release|iPhoneSimulator.Deploy.0 = Release|Any CPU
		{1566FDAD-F2CE-4712-BFB5-6C6D619F0AB3}.Release|x64.ActiveCfg = Release|Any CPU
		{1566FDAD-F2CE-4712-BFB5-6C6D619F0AB3}.Release|x64.Build.0 = Release|Any CPU
		{1566FDAD-F2CE-4712-BFB5-6C6D619F0AB3}.Release|x64.Deploy.0 = Release|Any CPU
		{1566FDAD-F2CE-4712-BFB5-6C6D619F0AB3}.Release|x86.ActiveCfg = Release|Any CPU
		{1566FDAD-F2CE-4712-BFB5-6C6D619F0AB3}.Release|x86.Build.0 = Release|Any CPU
		{1566FDAD-F2CE-4712-BFB5-6C6D619F0AB3}.Release|x86.Deploy.0 = Release|Any CPU
		{69D30175-69D5-498F-A455-ABB82A5F0F61}.Ad-Hoc|Any CPU.ActiveCfg = Release|Any CPU
		{69D30175-69D5-498F-A455-ABB82A5F0F61}.Ad-Hoc|Any CPU.Build.0 = Release|Any CPU
		{69D30175-69D5-498F-A455-ABB82A5F0F61}.Ad-Hoc|ARM.ActiveCfg = Release|Any CPU
		{69D30175-69D5-498F-A455-ABB82A5F0F61}.Ad-Hoc|ARM.Build.0 = Release|Any CPU
		{69D30175-69D5-498F-A455-ABB82A5F0F61}.Ad-Hoc|iPhone.ActiveCfg = Release|Any CPU
		{69D30175-69D5-498F-A455-ABB82A5F0F61}.Ad-Hoc|iPhone.Build.0 = Release|Any CPU
		{69D30175-69D5-498F-A455-ABB82A5F0F61}.Ad-Hoc|iPhoneSimulator.ActiveCfg = Release|Any CPU
		{69D30175-69D5-498F-A455-ABB82A5F0F61}.Ad-Hoc|iPhoneSimulator.Build.0 = Release|Any CPU
		{69D30175-69D5-498F-A455-ABB82A5F0F61}.Ad-Hoc|x64.ActiveCfg = Release|Any CPU
		{69D30175-69D5-498F-A455-ABB82A5F0F61}.Ad-Hoc|x64.Build.0 = Release|Any CPU
		{69D30175-69D5-498F-A455-ABB82A5F0F61}.Ad-Hoc|x86.ActiveCfg = Release|Any CPU
		{69D30175-69D5-498F-A455-ABB82A5F0F61}.Ad-Hoc|x86.Build.0 = Release|Any CPU
		{69D30175-69D5-498F-A455-ABB82A5F0F61}.AppStore|Any CPU.ActiveCfg = Release|Any CPU
		{69D30175-69D5-498F-A455-ABB82A5F0F61}.AppStore|Any CPU.Build.0 = Release|Any CPU
		{69D30175-69D5-498F-A455-ABB82A5F0F61}.AppStore|ARM.ActiveCfg = Release|Any CPU
		{69D30175-69D5-498F-A455-ABB82A5F0F61}.AppStore|ARM.Build.0 = Release|Any CPU
		{69D30175-69D5-498F-A455-ABB82A5F0F61}.AppStore|iPhone.ActiveCfg = Release|Any CPU
		{69D30175-69D5-498F-A455-ABB82A5F0F61}.AppStore|iPhone.Build.0 = Release|Any CPU
		{69D30175-69D5-498F-A455-ABB82A5F0F61}.AppStore|iPhoneSimulator.ActiveCfg = Release|Any CPU
		{69D30175-69D5-498F-A455-ABB82A5F0F61}.AppStore|iPhoneSimulator.Build.0 = Release|Any CPU
		{69D30175-69D5-498F-A455-ABB82A5F0F61}.AppStore|x64.ActiveCfg = Release|Any CPU
		{69D30175-69D5-498F-A455-ABB82A5F0F61}.AppStore|x64.Build.0 = Release|Any CPU
		{69D30175-69D5-498F-A455-ABB82A5F0F61}.AppStore|x86.ActiveCfg = Release|Any CPU
		{69D30175-69D5-498F-A455-ABB82A5F0F61}.AppStore|x86.Build.0 = Release|Any CPU
		{69D30175-69D5-498F-A455-ABB82A5F0F61}.Debug|Any CPU.ActiveCfg = Debug|Any CPU
		{69D30175-69D5-498F-A455-ABB82A5F0F61}.Debug|Any CPU.Build.0 = Debug|Any CPU
		{69D30175-69D5-498F-A455-ABB82A5F0F61}.Debug|ARM.ActiveCfg = Debug|Any CPU
		{69D30175-69D5-498F-A455-ABB82A5F0F61}.Debug|ARM.Build.0 = Debug|Any CPU
		{69D30175-69D5-498F-A455-ABB82A5F0F61}.Debug|iPhone.ActiveCfg = Debug|Any CPU
		{69D30175-69D5-498F-A455-ABB82A5F0F61}.Debug|iPhone.Build.0 = Debug|Any CPU
		{69D30175-69D5-498F-A455-ABB82A5F0F61}.Debug|iPhoneSimulator.ActiveCfg = Debug|Any CPU
		{69D30175-69D5-498F-A455-ABB82A5F0F61}.Debug|iPhoneSimulator.Build.0 = Debug|Any CPU
		{69D30175-69D5-498F-A455-ABB82A5F0F61}.Debug|x64.ActiveCfg = Debug|Any CPU
		{69D30175-69D5-498F-A455-ABB82A5F0F61}.Debug|x64.Build.0 = Debug|Any CPU
		{69D30175-69D5-498F-A455-ABB82A5F0F61}.Debug|x86.ActiveCfg = Debug|Any CPU
		{69D30175-69D5-498F-A455-ABB82A5F0F61}.Debug|x86.Build.0 = Debug|Any CPU
		{69D30175-69D5-498F-A455-ABB82A5F0F61}.Release|Any CPU.ActiveCfg = Release|Any CPU
		{69D30175-69D5-498F-A455-ABB82A5F0F61}.Release|Any CPU.Build.0 = Release|Any CPU
		{69D30175-69D5-498F-A455-ABB82A5F0F61}.Release|ARM.ActiveCfg = Release|Any CPU
		{69D30175-69D5-498F-A455-ABB82A5F0F61}.Release|ARM.Build.0 = Release|Any CPU
		{69D30175-69D5-498F-A455-ABB82A5F0F61}.Release|iPhone.ActiveCfg = Release|Any CPU
		{69D30175-69D5-498F-A455-ABB82A5F0F61}.Release|iPhone.Build.0 = Release|Any CPU
		{69D30175-69D5-498F-A455-ABB82A5F0F61}.Release|iPhoneSimulator.ActiveCfg = Release|Any CPU
		{69D30175-69D5-498F-A455-ABB82A5F0F61}.Release|iPhoneSimulator.Build.0 = Release|Any CPU
		{69D30175-69D5-498F-A455-ABB82A5F0F61}.Release|x64.ActiveCfg = Release|Any CPU
		{69D30175-69D5-498F-A455-ABB82A5F0F61}.Release|x64.Build.0 = Release|Any CPU
		{69D30175-69D5-498F-A455-ABB82A5F0F61}.Release|x86.ActiveCfg = Release|Any CPU
		{69D30175-69D5-498F-A455-ABB82A5F0F61}.Release|x86.Build.0 = Release|Any CPU
		{CF7641E7-8B6A-4547-A448-CD0091943027}.Ad-Hoc|Any CPU.ActiveCfg = Release|x86
		{CF7641E7-8B6A-4547-A448-CD0091943027}.Ad-Hoc|Any CPU.Build.0 = Release|x86
		{CF7641E7-8B6A-4547-A448-CD0091943027}.Ad-Hoc|Any CPU.Deploy.0 = Release|x86
		{CF7641E7-8B6A-4547-A448-CD0091943027}.Ad-Hoc|ARM.ActiveCfg = Release|ARM
		{CF7641E7-8B6A-4547-A448-CD0091943027}.Ad-Hoc|ARM.Build.0 = Release|ARM
		{CF7641E7-8B6A-4547-A448-CD0091943027}.Ad-Hoc|ARM.Deploy.0 = Release|ARM
		{CF7641E7-8B6A-4547-A448-CD0091943027}.Ad-Hoc|iPhone.ActiveCfg = Release|x86
		{CF7641E7-8B6A-4547-A448-CD0091943027}.Ad-Hoc|iPhone.Build.0 = Release|x86
		{CF7641E7-8B6A-4547-A448-CD0091943027}.Ad-Hoc|iPhone.Deploy.0 = Release|x86
		{CF7641E7-8B6A-4547-A448-CD0091943027}.Ad-Hoc|iPhoneSimulator.ActiveCfg = Release|x86
		{CF7641E7-8B6A-4547-A448-CD0091943027}.Ad-Hoc|iPhoneSimulator.Build.0 = Release|x86
		{CF7641E7-8B6A-4547-A448-CD0091943027}.Ad-Hoc|iPhoneSimulator.Deploy.0 = Release|x86
		{CF7641E7-8B6A-4547-A448-CD0091943027}.Ad-Hoc|x64.ActiveCfg = Release|x64
		{CF7641E7-8B6A-4547-A448-CD0091943027}.Ad-Hoc|x64.Build.0 = Release|x64
		{CF7641E7-8B6A-4547-A448-CD0091943027}.Ad-Hoc|x64.Deploy.0 = Release|x64
		{CF7641E7-8B6A-4547-A448-CD0091943027}.Ad-Hoc|x86.ActiveCfg = Release|x86
		{CF7641E7-8B6A-4547-A448-CD0091943027}.Ad-Hoc|x86.Build.0 = Release|x86
		{CF7641E7-8B6A-4547-A448-CD0091943027}.Ad-Hoc|x86.Deploy.0 = Release|x86
		{CF7641E7-8B6A-4547-A448-CD0091943027}.AppStore|Any CPU.ActiveCfg = Release|x86
		{CF7641E7-8B6A-4547-A448-CD0091943027}.AppStore|Any CPU.Build.0 = Release|x86
		{CF7641E7-8B6A-4547-A448-CD0091943027}.AppStore|Any CPU.Deploy.0 = Release|x86
		{CF7641E7-8B6A-4547-A448-CD0091943027}.AppStore|ARM.ActiveCfg = Release|ARM
		{CF7641E7-8B6A-4547-A448-CD0091943027}.AppStore|ARM.Build.0 = Release|ARM
		{CF7641E7-8B6A-4547-A448-CD0091943027}.AppStore|ARM.Deploy.0 = Release|ARM
		{CF7641E7-8B6A-4547-A448-CD0091943027}.AppStore|iPhone.ActiveCfg = Release|x86
		{CF7641E7-8B6A-4547-A448-CD0091943027}.AppStore|iPhone.Build.0 = Release|x86
		{CF7641E7-8B6A-4547-A448-CD0091943027}.AppStore|iPhone.Deploy.0 = Release|x86
		{CF7641E7-8B6A-4547-A448-CD0091943027}.AppStore|iPhoneSimulator.ActiveCfg = Release|x86
		{CF7641E7-8B6A-4547-A448-CD0091943027}.AppStore|iPhoneSimulator.Build.0 = Release|x86
		{CF7641E7-8B6A-4547-A448-CD0091943027}.AppStore|iPhoneSimulator.Deploy.0 = Release|x86
		{CF7641E7-8B6A-4547-A448-CD0091943027}.AppStore|x64.ActiveCfg = Release|x64
		{CF7641E7-8B6A-4547-A448-CD0091943027}.AppStore|x64.Build.0 = Release|x64
		{CF7641E7-8B6A-4547-A448-CD0091943027}.AppStore|x64.Deploy.0 = Release|x64
		{CF7641E7-8B6A-4547-A448-CD0091943027}.AppStore|x86.ActiveCfg = Release|x86
		{CF7641E7-8B6A-4547-A448-CD0091943027}.AppStore|x86.Build.0 = Release|x86
		{CF7641E7-8B6A-4547-A448-CD0091943027}.AppStore|x86.Deploy.0 = Release|x86
		{CF7641E7-8B6A-4547-A448-CD0091943027}.Debug|Any CPU.ActiveCfg = Debug|x86
		{CF7641E7-8B6A-4547-A448-CD0091943027}.Debug|ARM.ActiveCfg = Debug|ARM
		{CF7641E7-8B6A-4547-A448-CD0091943027}.Debug|ARM.Build.0 = Debug|ARM
		{CF7641E7-8B6A-4547-A448-CD0091943027}.Debug|ARM.Deploy.0 = Debug|ARM
		{CF7641E7-8B6A-4547-A448-CD0091943027}.Debug|iPhone.ActiveCfg = Debug|x86
		{CF7641E7-8B6A-4547-A448-CD0091943027}.Debug|iPhoneSimulator.ActiveCfg = Debug|x86
		{CF7641E7-8B6A-4547-A448-CD0091943027}.Debug|x64.ActiveCfg = Debug|x64
		{CF7641E7-8B6A-4547-A448-CD0091943027}.Debug|x64.Build.0 = Debug|x64
		{CF7641E7-8B6A-4547-A448-CD0091943027}.Debug|x64.Deploy.0 = Debug|x64
		{CF7641E7-8B6A-4547-A448-CD0091943027}.Debug|x86.ActiveCfg = Debug|x86
		{CF7641E7-8B6A-4547-A448-CD0091943027}.Debug|x86.Build.0 = Debug|x86
		{CF7641E7-8B6A-4547-A448-CD0091943027}.Debug|x86.Deploy.0 = Debug|x86
		{CF7641E7-8B6A-4547-A448-CD0091943027}.Release|Any CPU.ActiveCfg = Release|x86
		{CF7641E7-8B6A-4547-A448-CD0091943027}.Release|ARM.ActiveCfg = Release|ARM
		{CF7641E7-8B6A-4547-A448-CD0091943027}.Release|ARM.Build.0 = Release|ARM
		{CF7641E7-8B6A-4547-A448-CD0091943027}.Release|ARM.Deploy.0 = Release|ARM
		{CF7641E7-8B6A-4547-A448-CD0091943027}.Release|iPhone.ActiveCfg = Release|x86
		{CF7641E7-8B6A-4547-A448-CD0091943027}.Release|iPhoneSimulator.ActiveCfg = Release|x86
		{CF7641E7-8B6A-4547-A448-CD0091943027}.Release|x64.ActiveCfg = Release|x64
		{CF7641E7-8B6A-4547-A448-CD0091943027}.Release|x64.Build.0 = Release|x64
		{CF7641E7-8B6A-4547-A448-CD0091943027}.Release|x64.Deploy.0 = Release|x64
		{CF7641E7-8B6A-4547-A448-CD0091943027}.Release|x86.ActiveCfg = Release|x86
		{CF7641E7-8B6A-4547-A448-CD0091943027}.Release|x86.Build.0 = Release|x86
		{CF7641E7-8B6A-4547-A448-CD0091943027}.Release|x86.Deploy.0 = Release|x86
		{325AED48-4A4E-4533-BCDB-912B81647905}.Ad-Hoc|Any CPU.ActiveCfg = Ad-Hoc|iPhone
		{325AED48-4A4E-4533-BCDB-912B81647905}.Ad-Hoc|ARM.ActiveCfg = Ad-Hoc|iPhone
		{325AED48-4A4E-4533-BCDB-912B81647905}.Ad-Hoc|iPhone.ActiveCfg = Ad-Hoc|iPhone
		{325AED48-4A4E-4533-BCDB-912B81647905}.Ad-Hoc|iPhone.Build.0 = Ad-Hoc|iPhone
		{325AED48-4A4E-4533-BCDB-912B81647905}.Ad-Hoc|iPhoneSimulator.ActiveCfg = Ad-Hoc|iPhoneSimulator
		{325AED48-4A4E-4533-BCDB-912B81647905}.Ad-Hoc|iPhoneSimulator.Build.0 = Ad-Hoc|iPhoneSimulator
		{325AED48-4A4E-4533-BCDB-912B81647905}.Ad-Hoc|x64.ActiveCfg = Ad-Hoc|iPhone
		{325AED48-4A4E-4533-BCDB-912B81647905}.Ad-Hoc|x86.ActiveCfg = Ad-Hoc|iPhone
		{325AED48-4A4E-4533-BCDB-912B81647905}.AppStore|Any CPU.ActiveCfg = AppStore|iPhone
		{325AED48-4A4E-4533-BCDB-912B81647905}.AppStore|ARM.ActiveCfg = AppStore|iPhone
		{325AED48-4A4E-4533-BCDB-912B81647905}.AppStore|iPhone.ActiveCfg = AppStore|iPhone
		{325AED48-4A4E-4533-BCDB-912B81647905}.AppStore|iPhone.Build.0 = AppStore|iPhone
		{325AED48-4A4E-4533-BCDB-912B81647905}.AppStore|iPhoneSimulator.ActiveCfg = AppStore|iPhoneSimulator
		{325AED48-4A4E-4533-BCDB-912B81647905}.AppStore|iPhoneSimulator.Build.0 = AppStore|iPhoneSimulator
		{325AED48-4A4E-4533-BCDB-912B81647905}.AppStore|x64.ActiveCfg = AppStore|iPhone
		{325AED48-4A4E-4533-BCDB-912B81647905}.AppStore|x86.ActiveCfg = AppStore|iPhone
		{325AED48-4A4E-4533-BCDB-912B81647905}.Debug|Any CPU.ActiveCfg = Debug|iPhone
		{325AED48-4A4E-4533-BCDB-912B81647905}.Debug|ARM.ActiveCfg = Debug|iPhone
		{325AED48-4A4E-4533-BCDB-912B81647905}.Debug|iPhone.ActiveCfg = Debug|iPhone
		{325AED48-4A4E-4533-BCDB-912B81647905}.Debug|iPhone.Build.0 = Debug|iPhone
		{325AED48-4A4E-4533-BCDB-912B81647905}.Debug|iPhoneSimulator.ActiveCfg = Debug|iPhoneSimulator
		{325AED48-4A4E-4533-BCDB-912B81647905}.Debug|iPhoneSimulator.Build.0 = Debug|iPhoneSimulator
		{325AED48-4A4E-4533-BCDB-912B81647905}.Debug|x64.ActiveCfg = Debug|iPhone
		{325AED48-4A4E-4533-BCDB-912B81647905}.Debug|x86.ActiveCfg = Debug|iPhone
		{325AED48-4A4E-4533-BCDB-912B81647905}.Release|Any CPU.ActiveCfg = Release|iPhone
		{325AED48-4A4E-4533-BCDB-912B81647905}.Release|ARM.ActiveCfg = Release|iPhone
		{325AED48-4A4E-4533-BCDB-912B81647905}.Release|iPhone.ActiveCfg = Release|iPhone
		{325AED48-4A4E-4533-BCDB-912B81647905}.Release|iPhone.Build.0 = Release|iPhone
		{325AED48-4A4E-4533-BCDB-912B81647905}.Release|iPhoneSimulator.ActiveCfg = Release|iPhoneSimulator
		{325AED48-4A4E-4533-BCDB-912B81647905}.Release|iPhoneSimulator.Build.0 = Release|iPhoneSimulator
		{325AED48-4A4E-4533-BCDB-912B81647905}.Release|x64.ActiveCfg = Release|iPhone
		{325AED48-4A4E-4533-BCDB-912B81647905}.Release|x86.ActiveCfg = Release|iPhone
	EndGlobalSection
	GlobalSection(SolutionProperties) = preSolution
		HideSolutionNode = FALSE
	EndGlobalSection
EndGlobal
